<?xml version="1.0" encoding="utf-8"?>
<Project ToolsVersion="4.0" xmlns="http://schemas.microsoft.com/developer/msbuild/2003">
  <ItemGroup>
    <Filter Include="Source Files">
      <UniqueIdentifier>{4FC737F1-C7A5-4376-A066-2A32D752A2FF}</UniqueIdentifier>
      <Extensions>cpp;c;cc;cxx;def;odl;idl;hpj;bat;asm;asmx</Extensions>
    </Filter>
    <Filter Include="Header Files">
      <UniqueIdentifier>{93995380-89BD-4b04-88EB-625FBE52EBFB}</UniqueIdentifier>
      <Extensions>h;hh;hpp;hxx;hm;inl;inc;xsd</Extensions>
    </Filter>
    <Filter Include="Resource Files">
      <UniqueIdentifier>{67DA6AB6-F800-4c08-8B7A-83BB121AAD01}</UniqueIdentifier>
      <Extensions>rc;ico;cur;bmp;dlg;rc2;rct;bin;rgs;gif;jpg;jpeg;jpe;resx;tiff;tif;png;wav</Extensions>
    </Filter>
  </ItemGroup>
  <ItemGroup>
    <ClCompile Include="aetk\aegp\core\base\AEGeneral.cpp">
      <Filter>Source Files</Filter>
    </ClCompile>
  </ItemGroup>
  <ItemGroup>
    <ClInclude Include="aetk\aegp\AEGP.hpp">
      <Filter>Header Files</Filter>
    </ClInclude>
    <ClInclude Include="aetk\aegp\core\App.hpp">
      <Filter>Header Files</Filter>
    </ClInclude>
    <ClInclude Include="aetk\aegp\core\Comp.hpp">
      <Filter>Header Files</Filter>
    </ClInclude>
    <ClInclude Include="aetk\aegp\core\Effects.hpp">
      <Filter>Header Files</Filter>
    </ClInclude>
    <ClInclude Include="aetk\aegp\core\Project.hpp">
      <Filter>Header Files</Filter>
    </ClInclude>
    <ClInclude Include="aetk\aegp\core\base\AEGeneral.hpp">
      <Filter>Header Files</Filter>
    </ClInclude>
    <ClInclude Include="aetk\aegp\core\base\Collection.hpp">
      <Filter>Header Files</Filter>
    </ClInclude>
    <ClInclude Include="aetk\aegp\core\base\Import.hpp">
      <Filter>Header Files</Filter>
    </ClInclude>
    <ClInclude Include="aetk\aegp\core\base\Item.hpp">
      <Filter>Header Files</Filter>
    </ClInclude>
    <ClInclude Include="aetk\aegp\core\base\Layer.hpp">
      <Filter>Header Files</Filter>
    </ClInclude>
    <ClInclude Include="aetk\aegp\core\base\Properties.hpp">
      <Filter>Header Files</Filter>
    </ClInclude>
    <ClInclude Include="aetk\aegp\core\base\SuiteManager.hpp">
      <Filter>Header Files</Filter>
    </ClInclude>
    <ClInclude Include="aetk\aegp\exception\Exception.hpp">
      <Filter>Header Files</Filter>
    </ClInclude>
    <ClInclude Include="aetk\aegp\memory\AEAllocator.hpp">
      <Filter>Header Files</Filter>
    </ClInclude>
    <ClInclude Include="aetk\aegp\memory\AEMemory.hpp">
      <Filter>Header Files</Filter>
    </ClInclude>
    <ClInclude Include="aetk\aegp\template\Plugin.hpp">
      <Filter>Header Files</Filter>
    </ClInclude>
    <ClInclude Include="aetk\aegp\util\Context.hpp">
      <Filter>Header Files</Filter>
    </ClInclude>
    <ClInclude Include="aetk\aegp\util\Task.hpp">
      <Filter>Header Files</Filter>
    </ClInclude>
    <ClInclude Include="aetk\effect\core\base\AEffect.hpp">
      <Filter>Header Files</Filter>
    </ClInclude>
    <ClInclude Include="aetk\effect\core\base\AEffectGeneral.hpp">
      <Filter>Header Files</Filter>
    </ClInclude>
    <ClInclude Include="aetk\effect\core\base\AEffectSuiteManager.hpp">
      <Filter>Header Files</Filter>
    </ClInclude>
  </ItemGroup>
</Project>