<?xml version="1.0" encoding="utf-8"?>
<Project ToolsVersion="4.0" xmlns="http://schemas.microsoft.com/developer/msbuild/2003">
  <ItemGroup>
    <Filter Include="Headers">
      <UniqueIdentifier>{7bce3b0c-2859-4fc2-9004-53c6dd90b22c}</UniqueIdentifier>
      <Extensions>h;hpp;hxx;hm;inl;fi;fd</Extensions>
    </Filter>
    <Filter Include="Resources">
      <UniqueIdentifier>{71490440-ef5a-48eb-a239-11d1e05a7260}</UniqueIdentifier>
      <Extensions>ico;cur;bmp;dlg;rc2;rct;bin;cnt;rtf;gif;jpg;jpeg;jpe</Extensions>
    </Filter>
  </ItemGroup>
  <ItemGroup>
    <ClInclude Include="..\Grabba.h">
      <Filter>Headers</Filter>
    </ClInclude>
  </ItemGroup>
  <ItemGroup>
    <ResourceCompile Include="Grabba_PiPL.rc">
      <Filter>Resources</Filter>
    </ResourceCompile>
  </ItemGroup>
  <ItemGroup>
    <ClCompile Include="..\Grabba.cpp" />
    <ClCompile Include="..\..\..\..\Util\AEGP_SuiteHandler.cpp" />
    <ClCompile Include="..\..\..\..\AETK\AEGP\Core\Base\AEGeneral.cpp" />
  </ItemGroup>
  <ItemGroup>
    <CustomBuild Include="..\Grabba_PiPL.r">
      <Filter>Resources</Filter>
    </CustomBuild>
  </ItemGroup>
</Project>